
Microsoft Visual Studio Solution File, Format Version 12.00
# Visual Studio 15
VisualStudioVersion = 15.0.28010.2003
MinimumVisualStudioVersion = 10.0.40219.1
Project("{FAE04EC0-301F-11D3-BF4B-00C04F79EFBC}") = "MsBuildProjectReferenceDependencyGraph", "MsBuildProjectReferenceDependencyGraph\MsBuildProjectReferenceDependencyGraph.csproj", "{B87E5404-4E5F-4918-BFEF-73F678FA149C}"
EndProject
Global
	GlobalSection(SolutionConfigurationPlatforms) = preSolution
		Debug|Any CPU = Debug|Any CPU
		Release|Any CPU = Release|Any CPU
	EndGlobalSection
	GlobalSection(ProjectConfigurationPlatforms) = postSolution
		{B87E5404-4E5F-4918-BFEF-73F678FA149C}.Debug|Any CPU.ActiveCfg = Debug|Any CPU
		{B87E5404-4E5F-4918-BFEF-73F678FA149C}.Debug|Any CPU.Build.0 = Debug|Any CPU
		{B87E5404-4E5F-4918-BFEF-73F678FA149C}.Release|Any CPU.ActiveCfg = Release|Any CPU
		{B87E5404-4E5F-4918-BFEF-73F678FA149C}.Release|Any CPU.Build.0 = Release|Any CPU
	EndGlobalSection
	GlobalSection(SolutionProperties) = preSolution
		HideSolutionNode = FALSE
	EndGlobalSection
	GlobalSection(ExtensibilityGlobals) = postSolution
		SolutionGuid = {078F7A08-DFFC-4DF3-B167-BB89E4C6B649}
	EndGlobalSection
EndGlobal
